
Microsoft Visual Studio Solution File, Format Version 12.00
# Visual Studio Version 17
VisualStudioVersion = 17.5.33516.290
MinimumVisualStudioVersion = 10.0.40219.1
Project("{FAE04EC0-301F-11D3-BF4B-00C04F79EFBC}") = "practice15", "practice15\practice15.csproj", "{C0872C88-54A4-4319-AFF3-D9754A9A363C}"
EndProject
Global
	GlobalSection(SolutionConfigurationPlatforms) = preSolution
		Debug|Any CPU = Debug|Any CPU
		Release|Any CPU = Release|Any CPU
	EndGlobalSection
	GlobalSection(ProjectConfigurationPlatforms) = postSolution
		{C0872C88-54A4-4319-AFF3-D9754A9A363C}.Debug|Any CPU.ActiveCfg = Debug|Any CPU
		{C0872C88-54A4-4319-AFF3-D9754A9A363C}.Debug|Any CPU.Build.0 = Debug|Any CPU
		{C0872C88-54A4-4319-AFF3-D9754A9A363C}.Release|Any CPU.ActiveCfg = Release|Any CPU
		{C0872C88-54A4-4319-AFF3-D9754A9A363C}.Release|Any CPU.Build.0 = Release|Any CPU
	EndGlobalSection
	GlobalSection(SolutionProperties) = preSolution
		HideSolutionNode = FALSE
	EndGlobalSection
	GlobalSection(ExtensibilityGlobals) = postSolution
		SolutionGuid = {2116BC5B-B29D-408F-BBB6-4C064741FDB3}
	EndGlobalSection
EndGlobal
